schema: '2.0'
stages:
  get_data:
    cmd: python src/stage_01_get_data.py --config=configs/config.yaml
    deps:
    - path: configs/config.yaml
      md5: fb11aa0c1c25e6ae0fba72cbe1b213b7
      size: 472
    - path: src/stage_01_get_data.py
      md5: 686279064beb8d9daa7c8461ad34efee
      size: 1523
    - path: src/utils/common.py
      md5: b51995aa0dc8c0191900c26fd87f24aa
      size: 677
    outs:
    - path: data/data.xml
      md5: a304afb96060aad90176268345e10355
      size: 37891850
